// !$*UTF8*$!
{
	archiveVersion = 1;
	classes = {
	};
	objectVersion = 56;
	objects = {

/* Begin PBXBuildFile section */
		FF54D4AB2BDF99B10035BD0E /* AppDelegate.swift in Sources */ = {isa = PBXBuildFile; fileRef = FF54D4AA2BDF99B10035BD0E /* AppDelegate.swift */; };
		FF54D4AD2BDF99B10035BD0E /* SceneDelegate.swift in Sources */ = {isa = PBXBuildFile; fileRef = FF54D4AC2BDF99B10035BD0E /* SceneDelegate.swift */; };
		FF54D4AF2BDF99B10035BD0E /* ViewController.swift in Sources */ = {isa = PBXBuildFile; fileRef = FF54D4AE2BDF99B10035BD0E /* ViewController.swift */; };
		FF54D4B22BDF99B10035BD0E /* Base in Resources */ = {isa = PBXBuildFile; fileRef = FF54D4B12BDF99B10035BD0E /* Base */; };
		FF54D4B42BDF99B20035BD0E /* Assets.xcassets in Resources */ = {isa = PBXBuildFile; fileRef = FF54D4B32BDF99B20035BD0E /* Assets.xcassets */; };
		FF54D4B72BDF99B20035BD0E /* Base in Resources */ = {isa = PBXBuildFile; fileRef = FF54D4B62BDF99B20035BD0E /* Base */; };
		FF54D4C82BDF9FB90035BD0E /* ViewExtensions.swift in Sources */ = {isa = PBXBuildFile; fileRef = FF54D4C72BDF9FB90035BD0E /* ViewExtensions.swift */; };
		FFAB9D982BE0EF3700630610 /* HomeVC.swift in Sources */ = {isa = PBXBuildFile; fileRef = FFAB9D972BE0EF3700630610 /* HomeVC.swift */; };
		FFAB9D9F2BE1684A00630610 /* AppointmentsCollectionViewCell.swift in Sources */ = {isa = PBXBuildFile; fileRef = FFAB9D9D2BE1684A00630610 /* AppointmentsCollectionViewCell.swift */; };
		FFAB9DA02BE1684A00630610 /* AppointmentsCollectionViewCell.xib in Resources */ = {isa = PBXBuildFile; fileRef = FFAB9D9E2BE1684A00630610 /* AppointmentsCollectionViewCell.xib */; };
/* End PBXBuildFile section */

/* Begin PBXFileReference section */
		FF54D4A72BDF99B10035BD0E /* QuickCuts- AdminApp.app */ = {isa = PBXFileReference; explicitFileType = wrapper.application; includeInIndex = 0; path = "QuickCuts- AdminApp.app"; sourceTree = BUILT_PRODUCTS_DIR; };
		FF54D4AA2BDF99B10035BD0E /* AppDelegate.swift */ = {isa = PBXFileReference; lastKnownFileType = sourcecode.swift; path = AppDelegate.swift; sourceTree = "<group>"; };
		FF54D4AC2BDF99B10035BD0E /* SceneDelegate.swift */ = {isa = PBXFileReference; lastKnownFileType = sourcecode.swift; path = SceneDelegate.swift; sourceTree = "<group>"; };
		FF54D4AE2BDF99B10035BD0E /* ViewController.swift */ = {isa = PBXFileReference; lastKnownFileType = sourcecode.swift; path = ViewController.swift; sourceTree = "<group>"; };
		FF54D4B12BDF99B10035BD0E /* Base */ = {isa = PBXFileReference; lastKnownFileType = file.storyboard; name = Base; path = Base.lproj/Main.storyboard; sourceTree = "<group>"; };
		FF54D4B32BDF99B20035BD0E /* Assets.xcassets */ = {isa = PBXFileReference; lastKnownFileType = folder.assetcatalog; path = Assets.xcassets; sourceTree = "<group>"; };
		FF54D4B62BDF99B20035BD0E /* Base */ = {isa = PBXFileReference; lastKnownFileType = file.storyboard; name = Base; path = Base.lproj/LaunchScreen.storyboard; sourceTree = "<group>"; };
		FF54D4B82BDF99B20035BD0E /* Info.plist */ = {isa = PBXFileReference; lastKnownFileType = text.plist.xml; path = Info.plist; sourceTree = "<group>"; };
		FF54D4C72BDF9FB90035BD0E /* ViewExtensions.swift */ = {isa = PBXFileReference; lastKnownFileType = sourcecode.swift; path = ViewExtensions.swift; sourceTree = "<group>"; };
		FFAB9D972BE0EF3700630610 /* HomeVC.swift */ = {isa = PBXFileReference; lastKnownFileType = sourcecode.swift; path = HomeVC.swift; sourceTree = "<group>"; };
		FFAB9D9D2BE1684A00630610 /* AppointmentsCollectionViewCell.swift */ = {isa = PBXFileReference; lastKnownFileType = sourcecode.swift; path = AppointmentsCollectionViewCell.swift; sourceTree = "<group>"; };
		FFAB9D9E2BE1684A00630610 /* AppointmentsCollectionViewCell.xib */ = {isa = PBXFileReference; lastKnownFileType = file.xib; path = AppointmentsCollectionViewCell.xib; sourceTree = "<group>"; };
/* End PBXFileReference section */

/* Begin PBXFrameworksBuildPhase section */
		FF54D4A42BDF99B10035BD0E /* Frameworks */ = {
			isa = PBXFrameworksBuildPhase;
			buildActionMask = 2147483647;
			files = (
			);
			runOnlyForDeploymentPostprocessing = 0;
		};
/* End PBXFrameworksBuildPhase section */

/* Begin PBXGroup section */
		FF54D49E2BDF99B10035BD0E = {
			isa = PBXGroup;
			children = (
				FF54D4A92BDF99B10035BD0E /* QuickCuts- AdminApp */,
				FF54D4A82BDF99B10035BD0E /* Products */,
			);
			sourceTree = "<group>";
		};
		FF54D4A82BDF99B10035BD0E /* Products */ = {
			isa = PBXGroup;
			children = (
				FF54D4A72BDF99B10035BD0E /* QuickCuts- AdminApp.app */,
			);
			name = Products;
			sourceTree = "<group>";
		};
		FF54D4A92BDF99B10035BD0E /* QuickCuts- AdminApp */ = {
			isa = PBXGroup;
			children = (
				FF54D4C62BDF9EA90035BD0E /* View */,
				FF54D4C42BDF9E990035BD0E /* Controllers */,
				FF54D4C32BDF9E800035BD0E /* Application */,
				FF54D4C22BDF9E700035BD0E /* Resources */,
				FF54D4C02BDF9E590035BD0E /* Helpers */,
				FF54D4BE2BDF9E310035BD0E /* Xibs */,
				FF54D4B32BDF99B20035BD0E /* Assets.xcassets */,
				FF54D4B82BDF99B20035BD0E /* Info.plist */,
			);
			path = "QuickCuts- AdminApp";
			sourceTree = "<group>";
		};
		FF54D4BE2BDF9E310035BD0E /* Xibs */ = {
			isa = PBXGroup;
			children = (
				FFAB9D9D2BE1684A00630610 /* AppointmentsCollectionViewCell.swift */,
				FFAB9D9E2BE1684A00630610 /* AppointmentsCollectionViewCell.xib */,
			);
			path = Xibs;
			sourceTree = "<group>";
		};
		FF54D4C02BDF9E590035BD0E /* Helpers */ = {
			isa = PBXGroup;
			children = (
				FF54D4C72BDF9FB90035BD0E /* ViewExtensions.swift */,
			);
			path = Helpers;
			sourceTree = "<group>";
		};
		FF54D4C22BDF9E700035BD0E /* Resources */ = {
			isa = PBXGroup;
			children = (
			);
			path = Resources;
			sourceTree = "<group>";
		};
		FF54D4C32BDF9E800035BD0E /* Application */ = {
			isa = PBXGroup;
			children = (
				FF54D4AA2BDF99B10035BD0E /* AppDelegate.swift */,
				FF54D4AC2BDF99B10035BD0E /* SceneDelegate.swift */,
			);
			path = Application;
			sourceTree = "<group>";
		};
		FF54D4C42BDF9E990035BD0E /* Controllers */ = {
			isa = PBXGroup;
			children = (
				FFAB9D972BE0EF3700630610 /* HomeVC.swift */,
				FF54D4AE2BDF99B10035BD0E /* ViewController.swift */,
			);
			path = Controllers;
			sourceTree = "<group>";
		};
		FF54D4C62BDF9EA90035BD0E /* View */ = {
			isa = PBXGroup;
			children = (
				FF54D4B02BDF99B10035BD0E /* Main.storyboard */,
				FF54D4B52BDF99B20035BD0E /* LaunchScreen.storyboard */,
			);
			path = View;
			sourceTree = "<group>";
		};
/* End PBXGroup section */

/* Begin PBXNativeTarget section */
		FF54D4A62BDF99B10035BD0E /* QuickCuts- AdminApp */ = {
			isa = PBXNativeTarget;
			buildConfigurationList = FF54D4BB2BDF99B20035BD0E /* Build configuration list for PBXNativeTarget "QuickCuts- AdminApp" */;
			buildPhases = (
				FF54D4A32BDF99B10035BD0E /* Sources */,
				FF54D4A42BDF99B10035BD0E /* Frameworks */,
				FF54D4A52BDF99B10035BD0E /* Resources */,
			);
			buildRules = (
			);
			dependencies = (
			);
			name = "QuickCuts- AdminApp";
			productName = "QuickCuts- AdminApp";
			productReference = FF54D4A72BDF99B10035BD0E /* QuickCuts- AdminApp.app */;
			productType = "com.apple.product-type.application";
		};
/* End PBXNativeTarget section */

/* Begin PBXProject section */
		FF54D49F2BDF99B10035BD0E /* Project object */ = {
			isa = PBXProject;
			attributes = {
				BuildIndependentTargetsInParallel = 1;
				LastSwiftUpdateCheck = 1530;
				LastUpgradeCheck = 1530;
				TargetAttributes = {
					FF54D4A62BDF99B10035BD0E = {
						CreatedOnToolsVersion = 15.3;
					};
				};
			};
			buildConfigurationList = FF54D4A22BDF99B10035BD0E /* Build configuration list for PBXProject "QuickCuts- AdminApp" */;
			compatibilityVersion = "Xcode 14.0";
			developmentRegion = en;
			hasScannedForEncodings = 0;
			knownRegions = (
				en,
				Base,
			);
			mainGroup = FF54D49E2BDF99B10035BD0E;
			productRefGroup = FF54D4A82BDF99B10035BD0E /* Products */;
			projectDirPath = "";
			projectRoot = "";
			targets = (
				FF54D4A62BDF99B10035BD0E /* QuickCuts- AdminApp */,
			);
		};
/* End PBXProject section */

/* Begin PBXResourcesBuildPhase section */
		FF54D4A52BDF99B10035BD0E /* Resources */ = {
			isa = PBXResourcesBuildPhase;
			buildActionMask = 2147483647;
			files = (
				FFAB9DA02BE1684A00630610 /* AppointmentsCollectionViewCell.xib in Resources */,
				FF54D4B42BDF99B20035BD0E /* Assets.xcassets in Resources */,
				FF54D4B72BDF99B20035BD0E /* Base in Resources */,
				FF54D4B22BDF99B10035BD0E /* Base in Resources */,
			);
			runOnlyForDeploymentPostprocessing = 0;
		};
/* End PBXResourcesBuildPhase section */

/* Begin PBXSourcesBuildPhase section */
		FF54D4A32BDF99B10035BD0E /* Sources */ = {
			isa = PBXSourcesBuildPhase;
			buildActionMask = 2147483647;
			files = (
				FF54D4AF2BDF99B10035BD0E /* ViewController.swift in Sources */,
				FFAB9D982BE0EF3700630610 /* HomeVC.swift in Sources */,
				FF54D4AB2BDF99B10035BD0E /* AppDelegate.swift in Sources */,
				FF54D4C82BDF9FB90035BD0E /* ViewExtensions.swift in Sources */,
				FFAB9D9F2BE1684A00630610 /* AppointmentsCollectionViewCell.swift in Sources */,
				FF54D4AD2BDF99B10035BD0E /* SceneDelegate.swift in Sources */,
			);
			runOnlyForDeploymentPostprocessing = 0;
		};
/* End PBXSourcesBuildPhase section */

/* Begin PBXVariantGroup section */
		FF54D4B02BDF99B10035BD0E /* Main.storyboard */ = {
			isa = PBXVariantGroup;
			children = (
				FF54D4B12BDF99B10035BD0E /* Base */,
			);
			name = Main.storyboard;
			sourceTree = "<group>";
		};
		FF54D4B52BDF99B20035BD0E /* LaunchScreen.storyboard */ = {
			isa = PBXVariantGroup;
			children = (
				FF54D4B62BDF99B20035BD0E /* Base */,
			);
			name = LaunchScreen.storyboard;
			sourceTree = "<group>";
		};
/* End PBXVariantGroup section */

/* Begin XCBuildConfiguration section */
		FF54D4B92BDF99B20035BD0E /* Debug */ = {
			isa = XCBuildConfiguration;
			buildSettings = {
				ALWAYS_SEARCH_USER_PATHS = NO;
				ASSETCATALOG_COMPILER_GENERATE_SWIFT_ASSET_SYMBOL_EXTENSIONS = YES;
				CLANG_ANALYZER_NONNULL = YES;
				CLANG_ANALYZER_NUMBER_OBJECT_CONVERSION = YES_AGGRESSIVE;
				CLANG_CXX_LANGUAGE_STANDARD = "gnu++20";
				CLANG_ENABLE_MODULES = YES;
				CLANG_ENABLE_OBJC_ARC = YES;
				CLANG_ENABLE_OBJC_WEAK = YES;
				CLANG_WARN_BLOCK_CAPTURE_AUTORELEASING = YES;
				CLANG_WARN_BOOL_CONVERSION = YES;
				CLANG_WARN_COMMA = YES;
				CLANG_WARN_CONSTANT_CONVERSION = YES;
				CLANG_WARN_DEPRECATED_OBJC_IMPLEMENTATIONS = YES;
				CLANG_WARN_DIRECT_OBJC_ISA_USAGE = YES_ERROR;
				CLANG_WARN_DOCUMENTATION_COMMENTS = YES;
				CLANG_WARN_EMPTY_BODY = YES;
				CLANG_WARN_ENUM_CONVERSION = YES;
				CLANG_WARN_INFINITE_RECURSION = YES;
				CLANG_WARN_INT_CONVERSION = YES;
				CLANG_WARN_NON_LITERAL_NULL_CONVERSION = YES;
				CLANG_WARN_OBJC_IMPLICIT_RETAIN_SELF = YES;
				CLANG_WARN_OBJC_LITERAL_CONVERSION = YES;
				CLANG_WARN_OBJC_ROOT_CLASS = YES_ERROR;
				CLANG_WARN_QUOTED_INCLUDE_IN_FRAMEWORK_HEADER = YES;
				CLANG_WARN_RANGE_LOOP_ANALYSIS = YES;
				CLANG_WARN_STRICT_PROTOTYPES = YES;
				CLANG_WARN_SUSPICIOUS_MOVE = YES;
				CLANG_WARN_UNGUARDED_AVAILABILITY = YES_AGGRESSIVE;
				CLANG_WARN_UNREACHABLE_CODE = YES;
				CLANG_WARN__DUPLICATE_METHOD_MATCH = YES;
				COPY_PHASE_STRIP = NO;
				DEBUG_INFORMATION_FORMAT = dwarf;
				ENABLE_STRICT_OBJC_MSGSEND = YES;
				ENABLE_TESTABILITY = YES;
				ENABLE_USER_SCRIPT_SANDBOXING = YES;
				GCC_C_LANGUAGE_STANDARD = gnu17;
				GCC_DYNAMIC_NO_PIC = NO;
				GCC_NO_COMMON_BLOCKS = YES;
				GCC_OPTIMIZATION_LEVEL = 0;
				GCC_PREPROCESSOR_DEFINITIONS = (
					"DEBUG=1",
					"$(inherited)",
				);
				GCC_WARN_64_TO_32_BIT_CONVERSION = YES;
				GCC_WARN_ABOUT_RETURN_TYPE = YES_ERROR;
				GCC_WARN_UNDECLARED_SELECTOR = YES;
				GCC_WARN_UNINITIALIZED_AUTOS = YES_AGGRESSIVE;
				GCC_WARN_UNUSED_FUNCTION = YES;
				GCC_WARN_UNUSED_VARIABLE = YES;
				IPHONEOS_DEPLOYMENT_TARGET = 17.4;
				LOCALIZATION_PREFERS_STRING_CATALOGS = YES;
				MTL_ENABLE_DEBUG_INFO = INCLUDE_SOURCE;
				MTL_FAST_MATH = YES;
				ONLY_ACTIVE_ARCH = YES;
				SDKROOT = iphoneos;
				SWIFT_ACTIVE_COMPILATION_CONDITIONS = "DEBUG $(inherited)";
				SWIFT_OPTIMIZATION_LEVEL = "-Onone";
			};
			name = Debug;
		};
		FF54D4BA2BDF99B20035BD0E /* Release */ = {
			isa = XCBuildConfiguration;
			buildSettings = {
				ALWAYS_SEARCH_USER_PATHS = NO;
				ASSETCATALOG_COMPILER_GENERATE_SWIFT_ASSET_SYMBOL_EXTENSIONS = YES;
				CLANG_ANALYZER_NONNULL = YES;
				CLANG_ANALYZER_NUMBER_OBJECT_CONVERSION = YES_AGGRESSIVE;
				CLANG_CXX_LANGUAGE_STANDARD = "gnu++20";
				CLANG_ENABLE_MODULES = YES;
				CLANG_ENABLE_OBJC_ARC = YES;
				CLANG_ENABLE_OBJC_WEAK = YES;
				CLANG_WARN_BLOCK_CAPTURE_AUTORELEASING = YES;
				CLANG_WARN_BOOL_CONVERSION = YES;
				CLANG_WARN_COMMA = YES;
				CLANG_WARN_CONSTANT_CONVERSION = YES;
				CLANG_WARN_DEPRECATED_OBJC_IMPLEMENTATIONS = YES;
				CLANG_WARN_DIRECT_OBJC_ISA_USAGE = YES_ERROR;
				CLANG_WARN_DOCUMENTATION_COMMENTS = YES;
				CLANG_WARN_EMPTY_BODY = YES;
				CLANG_WARN_ENUM_CONVERSION = YES;
				CLANG_WARN_INFINITE_RECURSION = YES;
				CLANG_WARN_INT_CONVERSION = YES;
				CLANG_WARN_NON_LITERAL_NULL_CONVERSION = YES;
				CLANG_WARN_OBJC_IMPLICIT_RETAIN_SELF = YES;
				CLANG_WARN_OBJC_LITERAL_CONVERSION = YES;
				CLANG_WARN_OBJC_ROOT_CLASS = YES_ERROR;
				CLANG_WARN_QUOTED_INCLUDE_IN_FRAMEWORK_HEADER = YES;
				CLANG_WARN_RANGE_LOOP_ANALYSIS = YES;
				CLANG_WARN_STRICT_PROTOTYPES = YES;
				CLANG_WARN_SUSPICIOUS_MOVE = YES;
				CLANG_WARN_UNGUARDED_AVAILABILITY = YES_AGGRESSIVE;
				CLANG_WARN_UNREACHABLE_CODE = YES;
				CLANG_WARN__DUPLICATE_METHOD_MATCH = YES;
				COPY_PHASE_STRIP = NO;
				DEBUG_INFORMATION_FORMAT = "dwarf-with-dsym";
				ENABLE_NS_ASSERTIONS = NO;
				ENABLE_STRICT_OBJC_MSGSEND = YES;
				ENABLE_USER_SCRIPT_SANDBOXING = YES;
				GCC_C_LANGUAGE_STANDARD = gnu17;
				GCC_NO_COMMON_BLOCKS = YES;
				GCC_WARN_64_TO_32_BIT_CONVERSION = YES;
				GCC_WARN_ABOUT_RETURN_TYPE = YES_ERROR;
				GCC_WARN_UNDECLARED_SELECTOR = YES;
				GCC_WARN_UNINITIALIZED_AUTOS = YES_AGGRESSIVE;
				GCC_WARN_UNUSED_FUNCTION = YES;
				GCC_WARN_UNUSED_VARIABLE = YES;
				IPHONEOS_DEPLOYMENT_TARGET = 17.4;
				LOCALIZATION_PREFERS_STRING_CATALOGS = YES;
				MTL_ENABLE_DEBUG_INFO = NO;
				MTL_FAST_MATH = YES;
				SDKROOT = iphoneos;
				SWIFT_COMPILATION_MODE = wholemodule;
				VALIDATE_PRODUCT = YES;
			};
			name = Release;
		};
		FF54D4BC2BDF99B20035BD0E /* Debug */ = {
			isa = XCBuildConfiguration;
			buildSettings = {
				ASSETCATALOG_COMPILER_APPICON_NAME = AppIcon;
				ASSETCATALOG_COMPILER_GLOBAL_ACCENT_COLOR_NAME = AccentColor;
				CODE_SIGN_STYLE = Automatic;
				CURRENT_PROJECT_VERSION = 1;
				DEVELOPMENT_TEAM = MJWLK9T3B7;
				GENERATE_INFOPLIST_FILE = YES;
				INFOPLIST_FILE = "QuickCuts- AdminApp/Info.plist";
				INFOPLIST_KEY_UIApplicationSupportsIndirectInputEvents = YES;
				INFOPLIST_KEY_UILaunchStoryboardName = LaunchScreen;
				INFOPLIST_KEY_UIMainStoryboardFile = Main;
				INFOPLIST_KEY_UISupportedInterfaceOrientations_iPad = "UIInterfaceOrientationPortrait UIInterfaceOrientationPortraitUpsideDown UIInterfaceOrientationLandscapeLeft UIInterfaceOrientationLandscapeRight";
				INFOPLIST_KEY_UISupportedInterfaceOrientations_iPhone = "UIInterfaceOrientationPortrait UIInterfaceOrientationLandscapeLeft UIInterfaceOrientationLandscapeRight";
				LD_RUNPATH_SEARCH_PATHS = (
					"$(inherited)",
					"@executable_path/Frameworks",
				);
				MARKETING_VERSION = 1.0;
				PRODUCT_BUNDLE_IDENTIFIER = "example.www.QuickCuts--AdminApp";
				PRODUCT_NAME = "$(TARGET_NAME)";
				SWIFT_EMIT_LOC_STRINGS = YES;
				SWIFT_VERSION = 5.0;
				TARGETED_DEVICE_FAMILY = "1,2";
			};
			name = Debug;
		};
		FF54D4BD2BDF99B20035BD0E /* Release */ = {
			isa = XCBuildConfiguration;
			buildSettings = {
				ASSETCATALOG_COMPILER_APPICON_NAME = AppIcon;
				ASSETCATALOG_COMPILER_GLOBAL_ACCENT_COLOR_NAME = AccentColor;
				CODE_SIGN_STYLE = Automatic;
				CURRENT_PROJECT_VERSION = 1;
				DEVELOPMENT_TEAM = MJWLK9T3B7;
				GENERATE_INFOPLIST_FILE = YES;
				INFOPLIST_FILE = "QuickCuts- AdminApp/Info.plist";
				INFOPLIST_KEY_UIApplicationSupportsIndirectInputEvents = YES;
				INFOPLIST_KEY_UILaunchStoryboardName = LaunchScreen;
				INFOPLIST_KEY_UIMainStoryboardFile = Main;
				INFOPLIST_KEY_UISupportedInterfaceOrientations_iPad = "UIInterfaceOrientationPortrait UIInterfaceOrientationPortraitUpsideDown UIInterfaceOrientationLandscapeLeft UIInterfaceOrientationLandscapeRight";
				INFOPLIST_KEY_UISupportedInterfaceOrientations_iPhone = "UIInterfaceOrientationPortrait UIInterfaceOrientationLandscapeLeft UIInterfaceOrientationLandscapeRight";
				LD_RUNPATH_SEARCH_PATHS = (
					"$(inherited)",
					"@executable_path/Frameworks",
				);
				MARKETING_VERSION = 1.0;
				PRODUCT_BUNDLE_IDENTIFIER = "example.www.QuickCuts--AdminApp";
				PRODUCT_NAME = "$(TARGET_NAME)";
				SWIFT_EMIT_LOC_STRINGS = YES;
				SWIFT_VERSION = 5.0;
				TARGETED_DEVICE_FAMILY = "1,2";
			};
			name = Release;
		};
/* End XCBuildConfiguration section */

/* Begin XCConfigurationList section */
		FF54D4A22BDF99B10035BD0E /* Build configuration list for PBXProject "QuickCuts- AdminApp" */ = {
			isa = XCConfigurationList;
			buildConfigurations = (
				FF54D4B92BDF99B20035BD0E /* Debug */,
				FF54D4BA2BDF99B20035BD0E /* Release */,
			);
			defaultConfigurationIsVisible = 0;
			defaultConfigurationName = Release;
		};
		FF54D4BB2BDF99B20035BD0E /* Build configuration list for PBXNativeTarget "QuickCuts- AdminApp" */ = {
			isa = XCConfigurationList;
			buildConfigurations = (
				FF54D4BC2BDF99B20035BD0E /* Debug */,
				FF54D4BD2BDF99B20035BD0E /* Release */,
			);
			defaultConfigurationIsVisible = 0;
			defaultConfigurationName = Release;
		};
/* End XCConfigurationList section */
	};
	rootObject = FF54D49F2BDF99B10035BD0E /* Project object */;
}
